
Microsoft Visual Studio Solution File, Format Version 12.00
# Visual Studio Version 17
VisualStudioVersion = 17.5.33516.290
MinimumVisualStudioVersion = 10.0.40219.1
Project("{FAE04EC0-301F-11D3-BF4B-00C04F79EFBC}") = "Buyify Web", "Buyify Web\Buyify Web.csproj", "{B361BA3E-3943-476B-8C0C-4D27E5F15A65}"
EndProject
Global
	GlobalSection(SolutionConfigurationPlatforms) = preSolution
		Debug|Any CPU = Debug|Any CPU
		Release|Any CPU = Release|Any CPU
	EndGlobalSection
	GlobalSection(ProjectConfigurationPlatforms) = postSolution
		{B361BA3E-3943-476B-8C0C-4D27E5F15A65}.Debug|Any CPU.ActiveCfg = Debug|Any CPU
		{B361BA3E-3943-476B-8C0C-4D27E5F15A65}.Debug|Any CPU.Build.0 = Debug|Any CPU
		{B361BA3E-3943-476B-8C0C-4D27E5F15A65}.Release|Any CPU.ActiveCfg = Release|Any CPU
		{B361BA3E-3943-476B-8C0C-4D27E5F15A65}.Release|Any CPU.Build.0 = Release|Any CPU
	EndGlobalSection
	GlobalSection(SolutionProperties) = preSolution
		HideSolutionNode = FALSE
	EndGlobalSection
	GlobalSection(ExtensibilityGlobals) = postSolution
		SolutionGuid = {6F475475-4F9A-43E8-AEB3-A77A3093BAC4}
	EndGlobalSection
EndGlobal
